<?xml version="1.0" encoding="utf-8"?>
<Project ToolsVersion="4.0" xmlns="http://schemas.microsoft.com/developer/msbuild/2003">
  <ItemGroup>
    <Filter Include="Lyue">
      <UniqueIdentifier>{84CE887C-7005-8A0D-19F2-6F100508060F}</UniqueIdentifier>
    </Filter>
    <Filter Include="Lyue\Events">
      <UniqueIdentifier>{E87D3CAA-5433-B59F-DD27-AF7649DCABA3}</UniqueIdentifier>
    </Filter>
    <Filter Include="Platform">
      <UniqueIdentifier>{2AC788B4-1694-E3BF-3FAD-D1672BD9184E}</UniqueIdentifier>
    </Filter>
    <Filter Include="Platform\Windows">
      <UniqueIdentifier>{64FBD71A-50F4-F66C-7926-DCF1657ED678}</UniqueIdentifier>
    </Filter>
  </ItemGroup>
  <ItemGroup>
    <ClInclude Include="src\Lyue.h" />
    <ClInclude Include="src\Lyue\Application.h">
      <Filter>Lyue</Filter>
    </ClInclude>
    <ClInclude Include="src\Lyue\Core.h">
      <Filter>Lyue</Filter>
    </ClInclude>
    <ClInclude Include="src\Lyue\EntryPoint.h">
      <Filter>Lyue</Filter>
    </ClInclude>
    <ClInclude Include="src\Lyue\Events\ApplicationEvent.h">
      <Filter>Lyue\Events</Filter>
    </ClInclude>
    <ClInclude Include="src\Lyue\Events\Event.h">
      <Filter>Lyue\Events</Filter>
    </ClInclude>
    <ClInclude Include="src\Lyue\Events\KeyEvent.h">
      <Filter>Lyue\Events</Filter>
    </ClInclude>
    <ClInclude Include="src\Lyue\Events\MouseEvent.h">
      <Filter>Lyue\Events</Filter>
    </ClInclude>
    <ClInclude Include="src\Lyue\Layer.h">
      <Filter>Lyue</Filter>
    </ClInclude>
    <ClInclude Include="src\Lyue\LayerStack.h">
      <Filter>Lyue</Filter>
    </ClInclude>
    <ClInclude Include="src\Lyue\Log.h">
      <Filter>Lyue</Filter>
    </ClInclude>
    <ClInclude Include="src\Lyue\Window.h">
      <Filter>Lyue</Filter>
    </ClInclude>
    <ClInclude Include="src\Platform\Windows\WindowsWindow.h">
      <Filter>Platform\Windows</Filter>
    </ClInclude>
    <ClInclude Include="src\lypch.h" />
  </ItemGroup>
  <ItemGroup>
    <ClCompile Include="src\Lyue\Application.cpp">
      <Filter>Lyue</Filter>
    </ClCompile>
    <ClCompile Include="src\Lyue\Layer.cpp">
      <Filter>Lyue</Filter>
    </ClCompile>
    <ClCompile Include="src\Lyue\LayerStack.cpp">
      <Filter>Lyue</Filter>
    </ClCompile>
    <ClCompile Include="src\Lyue\Log.cpp">
      <Filter>Lyue</Filter>
    </ClCompile>
    <ClCompile Include="src\Platform\Windows\WindowsWindow.cpp">
      <Filter>Platform\Windows</Filter>
    </ClCompile>
    <ClCompile Include="src\lypch.cpp" />
  </ItemGroup>
</Project>